
Microsoft Visual Studio Solution File, Format Version 12.00
# Visual Studio Version 16
VisualStudioVersion = 16.0.31019.35
MinimumVisualStudioVersion = 10.0.40219.1
Project("{FAE04EC0-301F-11D3-BF4B-00C04F79EFBC}") = "SalesWebMvc", "SalesWebMvc\SalesWebMvc.csproj", "{78C2EA44-B3AE-45DF-932D-6BE60256F2A8}"
EndProject
Global
	GlobalSection(SolutionConfigurationPlatforms) = preSolution
		Debug|Any CPU = Debug|Any CPU
		Release|Any CPU = Release|Any CPU
	EndGlobalSection
	GlobalSection(ProjectConfigurationPlatforms) = postSolution
		{78C2EA44-B3AE-45DF-932D-6BE60256F2A8}.Debug|Any CPU.ActiveCfg = Debug|Any CPU
		{78C2EA44-B3AE-45DF-932D-6BE60256F2A8}.Debug|Any CPU.Build.0 = Debug|Any CPU
		{78C2EA44-B3AE-45DF-932D-6BE60256F2A8}.Release|Any CPU.ActiveCfg = Release|Any CPU
		{78C2EA44-B3AE-45DF-932D-6BE60256F2A8}.Release|Any CPU.Build.0 = Release|Any CPU
	EndGlobalSection
	GlobalSection(SolutionProperties) = preSolution
		HideSolutionNode = FALSE
	EndGlobalSection
	GlobalSection(ExtensibilityGlobals) = postSolution
		SolutionGuid = {BA4DC12F-8103-4476-9070-87C1C9E13B94}
	EndGlobalSection
EndGlobal
